
Microsoft Visual Studio Solution File, Format Version 12.00
# Visual Studio 15
Project("{FAE04EC0-301F-11D3-BF4B-00C04F79EFBC}") = "Zenject", "Zenject.csproj", "{4ABDCA89-AB22-A114-1EA9-7A8641673E61}"
EndProject
Project("{FAE04EC0-301F-11D3-BF4B-00C04F79EFBC}") = "Zenject-IntegrationTests", "Zenject-IntegrationTests.csproj", "{2DE06DE5-5E51-478D-0536-257F7CC4D9C6}"
EndProject
Project("{FAE04EC0-301F-11D3-BF4B-00C04F79EFBC}") = "Zenject-IntegrationTests-Editor", "Zenject-IntegrationTests-Editor.csproj", "{5A1EA367-90E1-B1AF-B109-EE36D6DA76F6}"
EndProject
Project("{FAE04EC0-301F-11D3-BF4B-00C04F79EFBC}") = "Zenject-ReflectionBaking-Editor", "Zenject-ReflectionBaking-Editor.csproj", "{4F7BF73C-6926-B282-55B6-3C48279B9136}"
EndProject
Project("{FAE04EC0-301F-11D3-BF4B-00C04F79EFBC}") = "Assembly-CSharp", "Assembly-CSharp.csproj", "{3CD92745-B3E0-7DA4-C0C2-66B38C7D2818}"
EndProject
Project("{FAE04EC0-301F-11D3-BF4B-00C04F79EFBC}") = "Zenject-UnitTests-Editor", "Zenject-UnitTests-Editor.csproj", "{72A804A4-5996-574B-0016-B973EA03F649}"
EndProject
Project("{FAE04EC0-301F-11D3-BF4B-00C04F79EFBC}") = "Zenject-Editor", "Zenject-Editor.csproj", "{B1E8FF82-C6BE-E47D-01B4-696FC91C7C9E}"
EndProject
Project("{FAE04EC0-301F-11D3-BF4B-00C04F79EFBC}") = "Assembly-CSharp-firstpass", "Assembly-CSharp-firstpass.csproj", "{0C11EB90-1EB9-F664-F82D-E863C7EC9AE1}"
EndProject
Project("{FAE04EC0-301F-11D3-BF4B-00C04F79EFBC}") = "Zenject-TestFramework", "Zenject-TestFramework.csproj", "{F40A5371-391D-6905-4FBB-0C0910006AC2}"
EndProject
Project("{FAE04EC0-301F-11D3-BF4B-00C04F79EFBC}") = "Zenject-PoolMonitor-Editor", "Zenject-PoolMonitor-Editor.csproj", "{E034AA0F-B824-361D-6378-AB3334A48E50}"
EndProject
Global
	GlobalSection(SolutionConfigurationPlatforms) = preSolution
		Debug|Any CPU = Debug|Any CPU
		Release|Any CPU = Release|Any CPU
	EndGlobalSection
	GlobalSection(ProjectConfigurationPlatforms) = postSolution
		{4ABDCA89-AB22-A114-1EA9-7A8641673E61}.Debug|Any CPU.ActiveCfg = Debug|Any CPU
		{4ABDCA89-AB22-A114-1EA9-7A8641673E61}.Debug|Any CPU.Build.0 = Debug|Any CPU
		{4ABDCA89-AB22-A114-1EA9-7A8641673E61}.Release|Any CPU.ActiveCfg = Release|Any CPU
		{4ABDCA89-AB22-A114-1EA9-7A8641673E61}.Release|Any CPU.Build.0 = Release|Any CPU
		{2DE06DE5-5E51-478D-0536-257F7CC4D9C6}.Debug|Any CPU.ActiveCfg = Debug|Any CPU
		{2DE06DE5-5E51-478D-0536-257F7CC4D9C6}.Debug|Any CPU.Build.0 = Debug|Any CPU
		{2DE06DE5-5E51-478D-0536-257F7CC4D9C6}.Release|Any CPU.ActiveCfg = Release|Any CPU
		{2DE06DE5-5E51-478D-0536-257F7CC4D9C6}.Release|Any CPU.Build.0 = Release|Any CPU
		{5A1EA367-90E1-B1AF-B109-EE36D6DA76F6}.Debug|Any CPU.ActiveCfg = Debug|Any CPU
		{5A1EA367-90E1-B1AF-B109-EE36D6DA76F6}.Debug|Any CPU.Build.0 = Debug|Any CPU
		{5A1EA367-90E1-B1AF-B109-EE36D6DA76F6}.Release|Any CPU.ActiveCfg = Release|Any CPU
		{5A1EA367-90E1-B1AF-B109-EE36D6DA76F6}.Release|Any CPU.Build.0 = Release|Any CPU
		{4F7BF73C-6926-B282-55B6-3C48279B9136}.Debug|Any CPU.ActiveCfg = Debug|Any CPU
		{4F7BF73C-6926-B282-55B6-3C48279B9136}.Debug|Any CPU.Build.0 = Debug|Any CPU
		{4F7BF73C-6926-B282-55B6-3C48279B9136}.Release|Any CPU.ActiveCfg = Release|Any CPU
		{4F7BF73C-6926-B282-55B6-3C48279B9136}.Release|Any CPU.Build.0 = Release|Any CPU
		{3CD92745-B3E0-7DA4-C0C2-66B38C7D2818}.Debug|Any CPU.ActiveCfg = Debug|Any CPU
		{3CD92745-B3E0-7DA4-C0C2-66B38C7D2818}.Debug|Any CPU.Build.0 = Debug|Any CPU
		{3CD92745-B3E0-7DA4-C0C2-66B38C7D2818}.Release|Any CPU.ActiveCfg = Release|Any CPU
		{3CD92745-B3E0-7DA4-C0C2-66B38C7D2818}.Release|Any CPU.Build.0 = Release|Any CPU
		{72A804A4-5996-574B-0016-B973EA03F649}.Debug|Any CPU.ActiveCfg = Debug|Any CPU
		{72A804A4-5996-574B-0016-B973EA03F649}.Debug|Any CPU.Build.0 = Debug|Any CPU
		{72A804A4-5996-574B-0016-B973EA03F649}.Release|Any CPU.ActiveCfg = Release|Any CPU
		{72A804A4-5996-574B-0016-B973EA03F649}.Release|Any CPU.Build.0 = Release|Any CPU
		{B1E8FF82-C6BE-E47D-01B4-696FC91C7C9E}.Debug|Any CPU.ActiveCfg = Debug|Any CPU
		{B1E8FF82-C6BE-E47D-01B4-696FC91C7C9E}.Debug|Any CPU.Build.0 = Debug|Any CPU
		{B1E8FF82-C6BE-E47D-01B4-696FC91C7C9E}.Release|Any CPU.ActiveCfg = Release|Any CPU
		{B1E8FF82-C6BE-E47D-01B4-696FC91C7C9E}.Release|Any CPU.Build.0 = Release|Any CPU
		{0C11EB90-1EB9-F664-F82D-E863C7EC9AE1}.Debug|Any CPU.ActiveCfg = Debug|Any CPU
		{0C11EB90-1EB9-F664-F82D-E863C7EC9AE1}.Debug|Any CPU.Build.0 = Debug|Any CPU
		{0C11EB90-1EB9-F664-F82D-E863C7EC9AE1}.Release|Any CPU.ActiveCfg = Release|Any CPU
		{0C11EB90-1EB9-F664-F82D-E863C7EC9AE1}.Release|Any CPU.Build.0 = Release|Any CPU
		{F40A5371-391D-6905-4FBB-0C0910006AC2}.Debug|Any CPU.ActiveCfg = Debug|Any CPU
		{F40A5371-391D-6905-4FBB-0C0910006AC2}.Debug|Any CPU.Build.0 = Debug|Any CPU
		{F40A5371-391D-6905-4FBB-0C0910006AC2}.Release|Any CPU.ActiveCfg = Release|Any CPU
		{F40A5371-391D-6905-4FBB-0C0910006AC2}.Release|Any CPU.Build.0 = Release|Any CPU
		{E034AA0F-B824-361D-6378-AB3334A48E50}.Debug|Any CPU.ActiveCfg = Debug|Any CPU
		{E034AA0F-B824-361D-6378-AB3334A48E50}.Debug|Any CPU.Build.0 = Debug|Any CPU
		{E034AA0F-B824-361D-6378-AB3334A48E50}.Release|Any CPU.ActiveCfg = Release|Any CPU
		{E034AA0F-B824-361D-6378-AB3334A48E50}.Release|Any CPU.Build.0 = Release|Any CPU
	EndGlobalSection
	GlobalSection(SolutionProperties) = preSolution
		HideSolutionNode = FALSE
	EndGlobalSection
EndGlobal
